// !$*UTF8*$!
{
	archiveVersion = 1;
	classes = {
	};
	objectVersion = 50;
	objects = {

/* Begin PBXBuildFile section */
		A3543A552323AB4700916B50 /* AudiobookTemporary.swift in Sources */ = {isa = PBXBuildFile; fileRef = A3543A542323AB4700916B50 /* AudiobookTemporary.swift */; };
		A3543A592323D9EC00916B50 /* SearchViewController.swift in Sources */ = {isa = PBXBuildFile; fileRef = A3543A582323D9EC00916B50 /* SearchViewController.swift */; };
		A3543A5D2323DACA00916B50 /* SearchCollectionViewCell.swift in Sources */ = {isa = PBXBuildFile; fileRef = A3543A5C2323DACA00916B50 /* SearchCollectionViewCell.swift */; };
		A37585FD2325272300B3CE09 /* DetailCoverViewController.swift in Sources */ = {isa = PBXBuildFile; fileRef = A37585FC2325272300B3CE09 /* DetailCoverViewController.swift */; };
		A37585FF232527C600B3CE09 /* DetailDescriptionViewController.swift in Sources */ = {isa = PBXBuildFile; fileRef = A37585FE232527C600B3CE09 /* DetailDescriptionViewController.swift */; };
		A37A7F282326486500FBD8DE /* LibraryTableViewCell.swift in Sources */ = {isa = PBXBuildFile; fileRef = A37A7F272326486500FBD8DE /* LibraryTableViewCell.swift */; };
		A37A7F2C2326816500FBD8DE /* PersistenceService.swift in Sources */ = {isa = PBXBuildFile; fileRef = A37A7F2B2326816500FBD8DE /* PersistenceService.swift */; };
		A37A7F2F232683ED00FBD8DE /* Audiobook+CoreDataClass.swift in Sources */ = {isa = PBXBuildFile; fileRef = A37A7F2D232683ED00FBD8DE /* Audiobook+CoreDataClass.swift */; };
		A37A7F30232683ED00FBD8DE /* Audiobook+CoreDataProperties.swift in Sources */ = {isa = PBXBuildFile; fileRef = A37A7F2E232683ED00FBD8DE /* Audiobook+CoreDataProperties.swift */; };
		A37A7F3223268AD000FBD8DE /* Tracks.swift in Sources */ = {isa = PBXBuildFile; fileRef = A37A7F3123268AD000FBD8DE /* Tracks.swift */; };
		A384B8B12322C8B700F9D07A /* Helper.swift in Sources */ = {isa = PBXBuildFile; fileRef = A384B8B02322C8B700F9D07A /* Helper.swift */; };
		A3B5A17B232297DC00E97290 /* LibraryViewController.swift in Sources */ = {isa = PBXBuildFile; fileRef = A3B5A17A232297DC00E97290 /* LibraryViewController.swift */; };
		A3B5A17D232297FC00E97290 /* PlayerViewController.swift in Sources */ = {isa = PBXBuildFile; fileRef = A3B5A17C232297FC00E97290 /* PlayerViewController.swift */; };
		A3B5A17F2322A18B00E97290 /* UIColor+SpotifyColor.swift in Sources */ = {isa = PBXBuildFile; fileRef = A3B5A17E2322A18B00E97290 /* UIColor+SpotifyColor.swift */; };
		A3C1D29D2322648300977415 /* AppDelegate.swift in Sources */ = {isa = PBXBuildFile; fileRef = A3C1D29C2322648300977415 /* AppDelegate.swift */; };
		A3C1D29F2322648300977415 /* LoginViewController.swift in Sources */ = {isa = PBXBuildFile; fileRef = A3C1D29E2322648300977415 /* LoginViewController.swift */; };
		A3C1D2A22322648300977415 /* Main.storyboard in Resources */ = {isa = PBXBuildFile; fileRef = A3C1D2A02322648300977415 /* Main.storyboard */; };
		A3C1D2A52322648300977415 /* Audiobooks.xcdatamodeld in Sources */ = {isa = PBXBuildFile; fileRef = A3C1D2A32322648300977415 /* Audiobooks.xcdatamodeld */; };
		A3C1D2A72322648600977415 /* Assets.xcassets in Resources */ = {isa = PBXBuildFile; fileRef = A3C1D2A62322648600977415 /* Assets.xcassets */; };
		A3C1D2AA2322648600977415 /* LaunchScreen.storyboard in Resources */ = {isa = PBXBuildFile; fileRef = A3C1D2A82322648600977415 /* LaunchScreen.storyboard */; };
		A3C1D2B4232268E000977415 /* SpotifyiOS.framework in Frameworks */ = {isa = PBXBuildFile; fileRef = A3C1D2B3232268E000977415 /* SpotifyiOS.framework */; };
		A3C1D2C123228C5000977415 /* AudiobookDetailViewController.swift in Sources */ = {isa = PBXBuildFile; fileRef = A3C1D2C023228C5000977415 /* AudiobookDetailViewController.swift */; };
		A3DA621923254964003A049C /* Track.swift in Sources */ = {isa = PBXBuildFile; fileRef = A3DA621823254964003A049C /* Track.swift */; };
		A3DA621B23254BED003A049C /* TrackTableViewCell.swift in Sources */ = {isa = PBXBuildFile; fileRef = A3DA621A23254BED003A049C /* TrackTableViewCell.swift */; };
		A3DA621D23257B02003A049C /* MyLibrary.swift in Sources */ = {isa = PBXBuildFile; fileRef = A3DA621C23257B02003A049C /* MyLibrary.swift */; };
/* End PBXBuildFile section */

/* Begin PBXFileReference section */
		A3543A542323AB4700916B50 /* AudiobookTemporary.swift */ = {isa = PBXFileReference; lastKnownFileType = sourcecode.swift; path = AudiobookTemporary.swift; sourceTree = "<group>"; };
		A3543A582323D9EC00916B50 /* SearchViewController.swift */ = {isa = PBXFileReference; lastKnownFileType = sourcecode.swift; path = SearchViewController.swift; sourceTree = "<group>"; };
		A3543A5C2323DACA00916B50 /* SearchCollectionViewCell.swift */ = {isa = PBXFileReference; lastKnownFileType = sourcecode.swift; path = SearchCollectionViewCell.swift; sourceTree = "<group>"; };
		A37585FC2325272300B3CE09 /* DetailCoverViewController.swift */ = {isa = PBXFileReference; lastKnownFileType = sourcecode.swift; path = DetailCoverViewController.swift; sourceTree = "<group>"; };
		A37585FE232527C600B3CE09 /* DetailDescriptionViewController.swift */ = {isa = PBXFileReference; lastKnownFileType = sourcecode.swift; path = DetailDescriptionViewController.swift; sourceTree = "<group>"; };
		A37A7F272326486500FBD8DE /* LibraryTableViewCell.swift */ = {isa = PBXFileReference; lastKnownFileType = sourcecode.swift; path = LibraryTableViewCell.swift; sourceTree = "<group>"; };
		A37A7F2B2326816500FBD8DE /* PersistenceService.swift */ = {isa = PBXFileReference; lastKnownFileType = sourcecode.swift; path = PersistenceService.swift; sourceTree = "<group>"; };
		A37A7F2D232683ED00FBD8DE /* Audiobook+CoreDataClass.swift */ = {isa = PBXFileReference; lastKnownFileType = sourcecode.swift; path = "Audiobook+CoreDataClass.swift"; sourceTree = "<group>"; };
		A37A7F2E232683ED00FBD8DE /* Audiobook+CoreDataProperties.swift */ = {isa = PBXFileReference; lastKnownFileType = sourcecode.swift; path = "Audiobook+CoreDataProperties.swift"; sourceTree = "<group>"; };
		A37A7F3123268AD000FBD8DE /* Tracks.swift */ = {isa = PBXFileReference; lastKnownFileType = sourcecode.swift; path = Tracks.swift; sourceTree = "<group>"; };
		A384B8B02322C8B700F9D07A /* Helper.swift */ = {isa = PBXFileReference; lastKnownFileType = sourcecode.swift; path = Helper.swift; sourceTree = "<group>"; };
		A3B5A17A232297DC00E97290 /* LibraryViewController.swift */ = {isa = PBXFileReference; lastKnownFileType = sourcecode.swift; path = LibraryViewController.swift; sourceTree = "<group>"; };
		A3B5A17C232297FC00E97290 /* PlayerViewController.swift */ = {isa = PBXFileReference; lastKnownFileType = sourcecode.swift; path = PlayerViewController.swift; sourceTree = "<group>"; };
		A3B5A17E2322A18B00E97290 /* UIColor+SpotifyColor.swift */ = {isa = PBXFileReference; lastKnownFileType = sourcecode.swift; path = "UIColor+SpotifyColor.swift"; sourceTree = "<group>"; };
		A3C1D2992322648300977415 /* Audiobooks.app */ = {isa = PBXFileReference; explicitFileType = wrapper.application; includeInIndex = 0; path = Audiobooks.app; sourceTree = BUILT_PRODUCTS_DIR; };
		A3C1D29C2322648300977415 /* AppDelegate.swift */ = {isa = PBXFileReference; lastKnownFileType = sourcecode.swift; path = AppDelegate.swift; sourceTree = "<group>"; };
		A3C1D29E2322648300977415 /* LoginViewController.swift */ = {isa = PBXFileReference; lastKnownFileType = sourcecode.swift; path = LoginViewController.swift; sourceTree = "<group>"; };
		A3C1D2A12322648300977415 /* Base */ = {isa = PBXFileReference; lastKnownFileType = file.storyboard; name = Base; path = Base.lproj/Main.storyboard; sourceTree = "<group>"; };
		A3C1D2A42322648300977415 /* Audiobooks.xcdatamodel */ = {isa = PBXFileReference; lastKnownFileType = wrapper.xcdatamodel; path = Audiobooks.xcdatamodel; sourceTree = "<group>"; };
		A3C1D2A62322648600977415 /* Assets.xcassets */ = {isa = PBXFileReference; lastKnownFileType = folder.assetcatalog; path = Assets.xcassets; sourceTree = "<group>"; };
		A3C1D2A92322648600977415 /* Base */ = {isa = PBXFileReference; lastKnownFileType = file.storyboard; name = Base; path = Base.lproj/LaunchScreen.storyboard; sourceTree = "<group>"; };
		A3C1D2AB2322648600977415 /* Info.plist */ = {isa = PBXFileReference; lastKnownFileType = text.plist.xml; path = Info.plist; sourceTree = "<group>"; };
		A3C1D2B3232268E000977415 /* SpotifyiOS.framework */ = {isa = PBXFileReference; lastKnownFileType = wrapper.framework; path = SpotifyiOS.framework; sourceTree = SOURCE_ROOT; };
		A3C1D2B923226EB700977415 /* audiobooks-Bridging-Header.h */ = {isa = PBXFileReference; lastKnownFileType = sourcecode.c.h; path = "audiobooks-Bridging-Header.h"; sourceTree = "<group>"; };
		A3C1D2C023228C5000977415 /* AudiobookDetailViewController.swift */ = {isa = PBXFileReference; lastKnownFileType = sourcecode.swift; path = AudiobookDetailViewController.swift; sourceTree = "<group>"; };
		A3DA621823254964003A049C /* Track.swift */ = {isa = PBXFileReference; lastKnownFileType = sourcecode.swift; path = Track.swift; sourceTree = "<group>"; };
		A3DA621A23254BED003A049C /* TrackTableViewCell.swift */ = {isa = PBXFileReference; lastKnownFileType = sourcecode.swift; path = TrackTableViewCell.swift; sourceTree = "<group>"; };
		A3DA621C23257B02003A049C /* MyLibrary.swift */ = {isa = PBXFileReference; lastKnownFileType = sourcecode.swift; path = MyLibrary.swift; sourceTree = "<group>"; };
/* End PBXFileReference section */

/* Begin PBXFrameworksBuildPhase section */
		A3C1D2962322648300977415 /* Frameworks */ = {
			isa = PBXFrameworksBuildPhase;
			buildActionMask = 2147483647;
			files = (
				A3C1D2B4232268E000977415 /* SpotifyiOS.framework in Frameworks */,
			);
			runOnlyForDeploymentPostprocessing = 0;
		};
/* End PBXFrameworksBuildPhase section */

/* Begin PBXGroup section */
		A3C1D2902322648300977415 = {
			isa = PBXGroup;
			children = (
				A3C1D2B3232268E000977415 /* SpotifyiOS.framework */,
				A3C1D29B2322648300977415 /* Audiobooks */,
				A3C1D29A2322648300977415 /* Products */,
			);
			sourceTree = "<group>";
		};
		A3C1D29A2322648300977415 /* Products */ = {
			isa = PBXGroup;
			children = (
				A3C1D2992322648300977415 /* Audiobooks.app */,
			);
			name = Products;
			sourceTree = "<group>";
		};
		A3C1D29B2322648300977415 /* Audiobooks */ = {
			isa = PBXGroup;
			children = (
				A37A7F2D232683ED00FBD8DE /* Audiobook+CoreDataClass.swift */,
				A37A7F2E232683ED00FBD8DE /* Audiobook+CoreDataProperties.swift */,
				A3543A5C2323DACA00916B50 /* SearchCollectionViewCell.swift */,
				A3543A582323D9EC00916B50 /* SearchViewController.swift */,
				A37A7F272326486500FBD8DE /* LibraryTableViewCell.swift */,
				A3C1D2B923226EB700977415 /* audiobooks-Bridging-Header.h */,
				A3C1D29C2322648300977415 /* AppDelegate.swift */,
				A3C1D29E2322648300977415 /* LoginViewController.swift */,
				A3C1D2A02322648300977415 /* Main.storyboard */,
				A3DA621A23254BED003A049C /* TrackTableViewCell.swift */,
				A37585FE232527C600B3CE09 /* DetailDescriptionViewController.swift */,
				A37585FC2325272300B3CE09 /* DetailCoverViewController.swift */,
				A3DA621C23257B02003A049C /* MyLibrary.swift */,
				A3543A542323AB4700916B50 /* AudiobookTemporary.swift */,
				A3DA621823254964003A049C /* Track.swift */,
				A37A7F3123268AD000FBD8DE /* Tracks.swift */,
				A3B5A17C232297FC00E97290 /* PlayerViewController.swift */,
				A3B5A17A232297DC00E97290 /* LibraryViewController.swift */,
				A37A7F2B2326816500FBD8DE /* PersistenceService.swift */,
				A384B8B02322C8B700F9D07A /* Helper.swift */,
				A3C1D2C023228C5000977415 /* AudiobookDetailViewController.swift */,
				A3B5A17E2322A18B00E97290 /* UIColor+SpotifyColor.swift */,
				A3C1D2A62322648600977415 /* Assets.xcassets */,
				A3C1D2A82322648600977415 /* LaunchScreen.storyboard */,
				A3C1D2AB2322648600977415 /* Info.plist */,
				A3C1D2A32322648300977415 /* Audiobooks.xcdatamodeld */,
			);
			path = Audiobooks;
			sourceTree = "<group>";
		};
/* End PBXGroup section */

/* Begin PBXNativeTarget section */
		A3C1D2982322648300977415 /* Audiobooks */ = {
			isa = PBXNativeTarget;
			buildConfigurationList = A3C1D2AE2322648600977415 /* Build configuration list for PBXNativeTarget "Audiobooks" */;
			buildPhases = (
				A3C1D2952322648300977415 /* Sources */,
				A3C1D2962322648300977415 /* Frameworks */,
				A3C1D2972322648300977415 /* Resources */,
			);
			buildRules = (
			);
			dependencies = (
			);
			name = Audiobooks;
			productName = Audiobooks;
			productReference = A3C1D2992322648300977415 /* Audiobooks.app */;
			productType = "com.apple.product-type.application";
		};
/* End PBXNativeTarget section */

/* Begin PBXProject section */
		A3C1D2912322648300977415 /* Project object */ = {
			isa = PBXProject;
			attributes = {
				LastSwiftUpdateCheck = 1030;
				LastUpgradeCheck = 1030;
				ORGANIZATIONNAME = "Julia Zamaitat";
				TargetAttributes = {
					A3C1D2982322648300977415 = {
						CreatedOnToolsVersion = 10.3;
						SystemCapabilities = {
							com.apple.BackgroundModes = {
								enabled = 1;
							};
						};
					};
				};
			};
			buildConfigurationList = A3C1D2942322648300977415 /* Build configuration list for PBXProject "Audiobooks" */;
			compatibilityVersion = "Xcode 9.3";
			developmentRegion = German;
			hasScannedForEncodings = 0;
			knownRegions = (
				German,
				de,
				Base,
			);
			mainGroup = A3C1D2902322648300977415;
			productRefGroup = A3C1D29A2322648300977415 /* Products */;
			projectDirPath = "";
			projectRoot = "";
			targets = (
				A3C1D2982322648300977415 /* Audiobooks */,
			);
		};
/* End PBXProject section */

/* Begin PBXResourcesBuildPhase section */
		A3C1D2972322648300977415 /* Resources */ = {
			isa = PBXResourcesBuildPhase;
			buildActionMask = 2147483647;
			files = (
				A3C1D2AA2322648600977415 /* LaunchScreen.storyboard in Resources */,
				A3C1D2A72322648600977415 /* Assets.xcassets in Resources */,
				A3C1D2A22322648300977415 /* Main.storyboard in Resources */,
			);
			runOnlyForDeploymentPostprocessing = 0;
		};
/* End PBXResourcesBuildPhase section */

/* Begin PBXSourcesBuildPhase section */
		A3C1D2952322648300977415 /* Sources */ = {
			isa = PBXSourcesBuildPhase;
			buildActionMask = 2147483647;
			files = (
				A3B5A17B232297DC00E97290 /* LibraryViewController.swift in Sources */,
				A37A7F30232683ED00FBD8DE /* Audiobook+CoreDataProperties.swift in Sources */,
				A3543A592323D9EC00916B50 /* SearchViewController.swift in Sources */,
				A3C1D2A52322648300977415 /* Audiobooks.xcdatamodeld in Sources */,
				A37A7F282326486500FBD8DE /* LibraryTableViewCell.swift in Sources */,
				A37585FD2325272300B3CE09 /* DetailCoverViewController.swift in Sources */,
				A37A7F3223268AD000FBD8DE /* Tracks.swift in Sources */,
				A3543A552323AB4700916B50 /* AudiobookTemporary.swift in Sources */,
				A37A7F2F232683ED00FBD8DE /* Audiobook+CoreDataClass.swift in Sources */,
				A3DA621D23257B02003A049C /* MyLibrary.swift in Sources */,
				A37A7F2C2326816500FBD8DE /* PersistenceService.swift in Sources */,
				A3B5A17F2322A18B00E97290 /* UIColor+SpotifyColor.swift in Sources */,
				A3C1D29F2322648300977415 /* LoginViewController.swift in Sources */,
				A3B5A17D232297FC00E97290 /* PlayerViewController.swift in Sources */,
				A384B8B12322C8B700F9D07A /* Helper.swift in Sources */,
				A3543A5D2323DACA00916B50 /* SearchCollectionViewCell.swift in Sources */,
				A3DA621B23254BED003A049C /* TrackTableViewCell.swift in Sources */,
				A37585FF232527C600B3CE09 /* DetailDescriptionViewController.swift in Sources */,
				A3C1D29D2322648300977415 /* AppDelegate.swift in Sources */,
				A3C1D2C123228C5000977415 /* AudiobookDetailViewController.swift in Sources */,
				A3DA621923254964003A049C /* Track.swift in Sources */,
			);
			runOnlyForDeploymentPostprocessing = 0;
		};
/* End PBXSourcesBuildPhase section */

/* Begin PBXVariantGroup section */
		A3C1D2A02322648300977415 /* Main.storyboard */ = {
			isa = PBXVariantGroup;
			children = (
				A3C1D2A12322648300977415 /* Base */,
			);
			name = Main.storyboard;
			sourceTree = "<group>";
		};
		A3C1D2A82322648600977415 /* LaunchScreen.storyboard */ = {
			isa = PBXVariantGroup;
			children = (
				A3C1D2A92322648600977415 /* Base */,
			);
			name = LaunchScreen.storyboard;
			sourceTree = "<group>";
		};
/* End PBXVariantGroup section */

/* Begin XCBuildConfiguration section */
		A3C1D2AC2322648600977415 /* Debug */ = {
			isa = XCBuildConfiguration;
			buildSettings = {
				ALWAYS_SEARCH_USER_PATHS = NO;
				CLANG_ANALYZER_NONNULL = YES;
				CLANG_ANALYZER_NUMBER_OBJECT_CONVERSION = YES_AGGRESSIVE;
				CLANG_CXX_LANGUAGE_STANDARD = "gnu++14";
				CLANG_CXX_LIBRARY = "libc++";
				CLANG_ENABLE_MODULES = YES;
				CLANG_ENABLE_OBJC_ARC = YES;
				CLANG_ENABLE_OBJC_WEAK = YES;
				CLANG_WARN_BLOCK_CAPTURE_AUTORELEASING = YES;
				CLANG_WARN_BOOL_CONVERSION = YES;
				CLANG_WARN_COMMA = YES;
				CLANG_WARN_CONSTANT_CONVERSION = YES;
				CLANG_WARN_DEPRECATED_OBJC_IMPLEMENTATIONS = YES;
				CLANG_WARN_DIRECT_OBJC_ISA_USAGE = YES_ERROR;
				CLANG_WARN_DOCUMENTATION_COMMENTS = YES;
				CLANG_WARN_EMPTY_BODY = YES;
				CLANG_WARN_ENUM_CONVERSION = YES;
				CLANG_WARN_INFINITE_RECURSION = YES;
				CLANG_WARN_INT_CONVERSION = YES;
				CLANG_WARN_NON_LITERAL_NULL_CONVERSION = YES;
				CLANG_WARN_OBJC_IMPLICIT_RETAIN_SELF = YES;
				CLANG_WARN_OBJC_LITERAL_CONVERSION = YES;
				CLANG_WARN_OBJC_ROOT_CLASS = YES_ERROR;
				CLANG_WARN_RANGE_LOOP_ANALYSIS = YES;
				CLANG_WARN_STRICT_PROTOTYPES = YES;
				CLANG_WARN_SUSPICIOUS_MOVE = YES;
				CLANG_WARN_UNGUARDED_AVAILABILITY = YES_AGGRESSIVE;
				CLANG_WARN_UNREACHABLE_CODE = YES;
				CLANG_WARN__DUPLICATE_METHOD_MATCH = YES;
				CODE_SIGN_IDENTITY = "iPhone Developer";
				COPY_PHASE_STRIP = NO;
				DEBUG_INFORMATION_FORMAT = dwarf;
				ENABLE_STRICT_OBJC_MSGSEND = YES;
				ENABLE_TESTABILITY = YES;
				GCC_C_LANGUAGE_STANDARD = gnu11;
				GCC_DYNAMIC_NO_PIC = NO;
				GCC_NO_COMMON_BLOCKS = YES;
				GCC_OPTIMIZATION_LEVEL = 0;
				GCC_PREPROCESSOR_DEFINITIONS = (
					"DEBUG=1",
					"$(inherited)",
				);
				GCC_WARN_64_TO_32_BIT_CONVERSION = YES;
				GCC_WARN_ABOUT_RETURN_TYPE = YES_ERROR;
				GCC_WARN_UNDECLARED_SELECTOR = YES;
				GCC_WARN_UNINITIALIZED_AUTOS = YES_AGGRESSIVE;
				GCC_WARN_UNUSED_FUNCTION = YES;
				GCC_WARN_UNUSED_VARIABLE = YES;
				IPHONEOS_DEPLOYMENT_TARGET = 12.4;
				MTL_ENABLE_DEBUG_INFO = INCLUDE_SOURCE;
				MTL_FAST_MATH = YES;
				ONLY_ACTIVE_ARCH = YES;
				SDKROOT = iphoneos;
				SWIFT_ACTIVE_COMPILATION_CONDITIONS = DEBUG;
				SWIFT_OPTIMIZATION_LEVEL = "-Onone";
			};
			name = Debug;
		};
		A3C1D2AD2322648600977415 /* Release */ = {
			isa = XCBuildConfiguration;
			buildSettings = {
				ALWAYS_SEARCH_USER_PATHS = NO;
				CLANG_ANALYZER_NONNULL = YES;
				CLANG_ANALYZER_NUMBER_OBJECT_CONVERSION = YES_AGGRESSIVE;
				CLANG_CXX_LANGUAGE_STANDARD = "gnu++14";
				CLANG_CXX_LIBRARY = "libc++";
				CLANG_ENABLE_MODULES = YES;
				CLANG_ENABLE_OBJC_ARC = YES;
				CLANG_ENABLE_OBJC_WEAK = YES;
				CLANG_WARN_BLOCK_CAPTURE_AUTORELEASING = YES;
				CLANG_WARN_BOOL_CONVERSION = YES;
				CLANG_WARN_COMMA = YES;
				CLANG_WARN_CONSTANT_CONVERSION = YES;
				CLANG_WARN_DEPRECATED_OBJC_IMPLEMENTATIONS = YES;
				CLANG_WARN_DIRECT_OBJC_ISA_USAGE = YES_ERROR;
				CLANG_WARN_DOCUMENTATION_COMMENTS = YES;
				CLANG_WARN_EMPTY_BODY = YES;
				CLANG_WARN_ENUM_CONVERSION = YES;
				CLANG_WARN_INFINITE_RECURSION = YES;
				CLANG_WARN_INT_CONVERSION = YES;
				CLANG_WARN_NON_LITERAL_NULL_CONVERSION = YES;
				CLANG_WARN_OBJC_IMPLICIT_RETAIN_SELF = YES;
				CLANG_WARN_OBJC_LITERAL_CONVERSION = YES;
				CLANG_WARN_OBJC_ROOT_CLASS = YES_ERROR;
				CLANG_WARN_RANGE_LOOP_ANALYSIS = YES;
				CLANG_WARN_STRICT_PROTOTYPES = YES;
				CLANG_WARN_SUSPICIOUS_MOVE = YES;
				CLANG_WARN_UNGUARDED_AVAILABILITY = YES_AGGRESSIVE;
				CLANG_WARN_UNREACHABLE_CODE = YES;
				CLANG_WARN__DUPLICATE_METHOD_MATCH = YES;
				CODE_SIGN_IDENTITY = "iPhone Developer";
				COPY_PHASE_STRIP = NO;
				DEBUG_INFORMATION_FORMAT = "dwarf-with-dsym";
				ENABLE_NS_ASSERTIONS = NO;
				ENABLE_STRICT_OBJC_MSGSEND = YES;
				GCC_C_LANGUAGE_STANDARD = gnu11;
				GCC_NO_COMMON_BLOCKS = YES;
				GCC_WARN_64_TO_32_BIT_CONVERSION = YES;
				GCC_WARN_ABOUT_RETURN_TYPE = YES_ERROR;
				GCC_WARN_UNDECLARED_SELECTOR = YES;
				GCC_WARN_UNINITIALIZED_AUTOS = YES_AGGRESSIVE;
				GCC_WARN_UNUSED_FUNCTION = YES;
				GCC_WARN_UNUSED_VARIABLE = YES;
				IPHONEOS_DEPLOYMENT_TARGET = 12.4;
				MTL_ENABLE_DEBUG_INFO = NO;
				MTL_FAST_MATH = YES;
				SDKROOT = iphoneos;
				SWIFT_COMPILATION_MODE = wholemodule;
				SWIFT_OPTIMIZATION_LEVEL = "-O";
				VALIDATE_PRODUCT = YES;
			};
			name = Release;
		};
		A3C1D2AF2322648600977415 /* Debug */ = {
			isa = XCBuildConfiguration;
			buildSettings = {
				ASSETCATALOG_COMPILER_APPICON_NAME = AppIcon;
				CODE_SIGN_STYLE = Automatic;
				DEVELOPMENT_TEAM = RR52BD63Z6;
				FRAMEWORK_SEARCH_PATHS = (
					"$(inherited)",
					"$(PROJECT_DIR)",
				);
				INFOPLIST_FILE = Audiobooks/Info.plist;
				LD_RUNPATH_SEARCH_PATHS = (
					"$(inherited)",
					"@executable_path/Frameworks",
				);
				OTHER_LDFLAGS = "-ObjC";
				PRODUCT_BUNDLE_IDENTIFIER = com.example.AudiobooksMiau;
				PRODUCT_NAME = "$(TARGET_NAME)";
				SWIFT_OBJC_BRIDGING_HEADER = "Audiobooks/audiobooks-Bridging-Header.h";
				SWIFT_VERSION = 5.0;
				TARGETED_DEVICE_FAMILY = "1,2";
			};
			name = Debug;
		};
		A3C1D2B02322648600977415 /* Release */ = {
			isa = XCBuildConfiguration;
			buildSettings = {
				ASSETCATALOG_COMPILER_APPICON_NAME = AppIcon;
				CODE_SIGN_STYLE = Automatic;
				DEVELOPMENT_TEAM = RR52BD63Z6;
				FRAMEWORK_SEARCH_PATHS = (
					"$(inherited)",
					"$(PROJECT_DIR)",
				);
				INFOPLIST_FILE = Audiobooks/Info.plist;
				LD_RUNPATH_SEARCH_PATHS = (
					"$(inherited)",
					"@executable_path/Frameworks",
				);
				OTHER_LDFLAGS = "-ObjC";
				PRODUCT_BUNDLE_IDENTIFIER = com.example.AudiobooksMiau;
				PRODUCT_NAME = "$(TARGET_NAME)";
				SWIFT_OBJC_BRIDGING_HEADER = "Audiobooks/audiobooks-Bridging-Header.h";
				SWIFT_VERSION = 5.0;
				TARGETED_DEVICE_FAMILY = "1,2";
			};
			name = Release;
		};
/* End XCBuildConfiguration section */

/* Begin XCConfigurationList section */
		A3C1D2942322648300977415 /* Build configuration list for PBXProject "Audiobooks" */ = {
			isa = XCConfigurationList;
			buildConfigurations = (
				A3C1D2AC2322648600977415 /* Debug */,
				A3C1D2AD2322648600977415 /* Release */,
			);
			defaultConfigurationIsVisible = 0;
			defaultConfigurationName = Release;
		};
		A3C1D2AE2322648600977415 /* Build configuration list for PBXNativeTarget "Audiobooks" */ = {
			isa = XCConfigurationList;
			buildConfigurations = (
				A3C1D2AF2322648600977415 /* Debug */,
				A3C1D2B02322648600977415 /* Release */,
			);
			defaultConfigurationIsVisible = 0;
			defaultConfigurationName = Release;
		};
/* End XCConfigurationList section */

/* Begin XCVersionGroup section */
		A3C1D2A32322648300977415 /* Audiobooks.xcdatamodeld */ = {
			isa = XCVersionGroup;
			children = (
				A3C1D2A42322648300977415 /* Audiobooks.xcdatamodel */,
			);
			currentVersion = A3C1D2A42322648300977415 /* Audiobooks.xcdatamodel */;
			path = Audiobooks.xcdatamodeld;
			sourceTree = "<group>";
			versionGroupType = wrapper.xcdatamodel;
		};
/* End XCVersionGroup section */
	};
	rootObject = A3C1D2912322648300977415 /* Project object */;
}
